
Microsoft Visual Studio Solution File, Format Version 12.00
# Visual Studio Version 17
VisualStudioVersion = 17.0.31903.59
MinimumVisualStudioVersion = 10.0.40219.1
Project("{2150E333-8FDC-42A3-9474-1A3956D46DE8}") = "src", "src", "{827E0CD3-B72D-47B6-A68D-7590B98EB39B}"
EndProject
Project("{FAE04EC0-301F-11D3-BF4B-00C04F79EFBC}") = "FFMedia.Core", "src\FFMedia.Core\FFMedia.Core.csproj", "{2BE477C2-AF36-4400-BFAD-801F5B0624A5}"
EndProject
Project("{FAE04EC0-301F-11D3-BF4B-00C04F79EFBC}") = "FFMedia.Media", "src\FFMedia.Media\FFMedia.Media.csproj", "{A6B0C9D0-806A-49EB-A476-7C6E4D291182}"
EndProject
Project("{FAE04EC0-301F-11D3-BF4B-00C04F79EFBC}") = "FFMedia.Tools.YouTubeDownloader", "src\FFMedia.Tools.YouTubeDownloader\FFMedia.Tools.YouTubeDownloader.csproj", "{EE40FF95-7A60-482C-B232-C31B8C3C59E8}"
EndProject
Project("{FAE04EC0-301F-11D3-BF4B-00C04F79EFBC}") = "FFMedia.App", "src\FFMedia.App\FFMedia.App.csproj", "{ECC48347-23EE-46E5-9390-44E48F816886}"
EndProject
Project("{FAE04EC0-301F-11D3-BF4B-00C04F79EFBC}") = "FFMedia.Tests", "src\FFMedia.Tests\FFMedia.Tests.csproj", "{7F132C16-9338-4825-BFC5-E27E2FF23373}"
EndProject
Project("{FAE04EC0-301F-11D3-BF4B-00C04F79EFBC}") = "FFMedia.Tools.VideoMerger", "src\FFMedia.Tools.VideoMerger\FFMedia.Tools.VideoMerger.csproj", "{E6BD6E2B-58C8-411D-AC88-F91DBA2A02E3}"
EndProject
Project("{FAE04EC0-301F-11D3-BF4B-00C04F79EFBC}") = "FFMedia.Tools.GifMaker", "src\FFMedia.Tools.GifMaker\FFMedia.Tools.GifMaker.csproj", "{B34E8EE3-8A5D-4AB9-8ACF-743DDA1613F8}"
EndProject
Global
	GlobalSection(SolutionConfigurationPlatforms) = preSolution
		Debug|Any CPU = Debug|Any CPU
		Debug|x64 = Debug|x64
		Debug|x86 = Debug|x86
		Release|Any CPU = Release|Any CPU
		Release|x64 = Release|x64
		Release|x86 = Release|x86
	EndGlobalSection
	GlobalSection(ProjectConfigurationPlatforms) = postSolution
		{2BE477C2-AF36-4400-BFAD-801F5B0624A5}.Debug|Any CPU.ActiveCfg = Debug|Any CPU
		{2BE477C2-AF36-4400-BFAD-801F5B0624A5}.Debug|Any CPU.Build.0 = Debug|Any CPU
		{2BE477C2-AF36-4400-BFAD-801F5B0624A5}.Debug|x64.ActiveCfg = Debug|Any CPU
		{2BE477C2-AF36-4400-BFAD-801F5B0624A5}.Debug|x64.Build.0 = Debug|Any CPU
		{2BE477C2-AF36-4400-BFAD-801F5B0624A5}.Debug|x86.ActiveCfg = Debug|Any CPU
		{2BE477C2-AF36-4400-BFAD-801F5B0624A5}.Debug|x86.Build.0 = Debug|Any CPU
		{2BE477C2-AF36-4400-BFAD-801F5B0624A5}.Release|Any CPU.ActiveCfg = Release|Any CPU
		{2BE477C2-AF36-4400-BFAD-801F5B0624A5}.Release|Any CPU.Build.0 = Release|Any CPU
		{2BE477C2-AF36-4400-BFAD-801F5B0624A5}.Release|x64.ActiveCfg = Release|Any CPU
		{2BE477C2-AF36-4400-BFAD-801F5B0624A5}.Release|x64.Build.0 = Release|Any CPU
		{2BE477C2-AF36-4400-BFAD-801F5B0624A5}.Release|x86.ActiveCfg = Release|Any CPU
		{2BE477C2-AF36-4400-BFAD-801F5B0624A5}.Release|x86.Build.0 = Release|Any CPU
		{A6B0C9D0-806A-49EB-A476-7C6E4D291182}.Debug|Any CPU.ActiveCfg = Debug|Any CPU
		{A6B0C9D0-806A-49EB-A476-7C6E4D291182}.Debug|Any CPU.Build.0 = Debug|Any CPU
		{A6B0C9D0-806A-49EB-A476-7C6E4D291182}.Debug|x64.ActiveCfg = Debug|Any CPU
		{A6B0C9D0-806A-49EB-A476-7C6E4D291182}.Debug|x64.Build.0 = Debug|Any CPU
		{A6B0C9D0-806A-49EB-A476-7C6E4D291182}.Debug|x86.ActiveCfg = Debug|Any CPU
		{A6B0C9D0-806A-49EB-A476-7C6E4D291182}.Debug|x86.Build.0 = Debug|Any CPU
		{A6B0C9D0-806A-49EB-A476-7C6E4D291182}.Release|Any CPU.ActiveCfg = Release|Any CPU
		{A6B0C9D0-806A-49EB-A476-7C6E4D291182}.Release|Any CPU.Build.0 = Release|Any CPU
		{A6B0C9D0-806A-49EB-A476-7C6E4D291182}.Release|x64.ActiveCfg = Release|Any CPU
		{A6B0C9D0-806A-49EB-A476-7C6E4D291182}.Release|x64.Build.0 = Release|Any CPU
		{A6B0C9D0-806A-49EB-A476-7C6E4D291182}.Release|x86.ActiveCfg = Release|Any CPU
		{A6B0C9D0-806A-49EB-A476-7C6E4D291182}.Release|x86.Build.0 = Release|Any CPU
		{EE40FF95-7A60-482C-B232-C31B8C3C59E8}.Debug|Any CPU.ActiveCfg = Debug|Any CPU
		{EE40FF95-7A60-482C-B232-C31B8C3C59E8}.Debug|Any CPU.Build.0 = Debug|Any CPU
		{EE40FF95-7A60-482C-B232-C31B8C3C59E8}.Debug|x64.ActiveCfg = Debug|Any CPU
		{EE40FF95-7A60-482C-B232-C31B8C3C59E8}.Debug|x64.Build.0 = Debug|Any CPU
		{EE40FF95-7A60-482C-B232-C31B8C3C59E8}.Debug|x86.ActiveCfg = Debug|Any CPU
		{EE40FF95-7A60-482C-B232-C31B8C3C59E8}.Debug|x86.Build.0 = Debug|Any CPU
		{EE40FF95-7A60-482C-B232-C31B8C3C59E8}.Release|Any CPU.ActiveCfg = Release|Any CPU
		{EE40FF95-7A60-482C-B232-C31B8C3C59E8}.Release|Any CPU.Build.0 = Release|Any CPU
		{EE40FF95-7A60-482C-B232-C31B8C3C59E8}.Release|x64.ActiveCfg = Release|Any CPU
		{EE40FF95-7A60-482C-B232-C31B8C3C59E8}.Release|x64.Build.0 = Release|Any CPU
		{EE40FF95-7A60-482C-B232-C31B8C3C59E8}.Release|x86.ActiveCfg = Release|Any CPU
		{EE40FF95-7A60-482C-B232-C31B8C3C59E8}.Release|x86.Build.0 = Release|Any CPU
		{ECC48347-23EE-46E5-9390-44E48F816886}.Debug|Any CPU.ActiveCfg = Debug|Any CPU
		{ECC48347-23EE-46E5-9390-44E48F816886}.Debug|Any CPU.Build.0 = Debug|Any CPU
		{ECC48347-23EE-46E5-9390-44E48F816886}.Debug|x64.ActiveCfg = Debug|Any CPU
		{ECC48347-23EE-46E5-9390-44E48F816886}.Debug|x64.Build.0 = Debug|Any CPU
		{ECC48347-23EE-46E5-9390-44E48F816886}.Debug|x86.ActiveCfg = Debug|Any CPU
		{ECC48347-23EE-46E5-9390-44E48F816886}.Debug|x86.Build.0 = Debug|Any CPU
		{ECC48347-23EE-46E5-9390-44E48F816886}.Release|Any CPU.ActiveCfg = Release|Any CPU
		{ECC48347-23EE-46E5-9390-44E48F816886}.Release|Any CPU.Build.0 = Release|Any CPU
		{ECC48347-23EE-46E5-9390-44E48F816886}.Release|x64.ActiveCfg = Release|Any CPU
		{ECC48347-23EE-46E5-9390-44E48F816886}.Release|x64.Build.0 = Release|Any CPU
		{ECC48347-23EE-46E5-9390-44E48F816886}.Release|x86.ActiveCfg = Release|Any CPU
		{ECC48347-23EE-46E5-9390-44E48F816886}.Release|x86.Build.0 = Release|Any CPU
		{7F132C16-9338-4825-BFC5-E27E2FF23373}.Debug|Any CPU.ActiveCfg = Debug|Any CPU
		{7F132C16-9338-4825-BFC5-E27E2FF23373}.Debug|Any CPU.Build.0 = Debug|Any CPU
		{7F132C16-9338-4825-BFC5-E27E2FF23373}.Debug|x64.ActiveCfg = Debug|Any CPU
		{7F132C16-9338-4825-BFC5-E27E2FF23373}.Debug|x64.Build.0 = Debug|Any CPU
		{7F132C16-9338-4825-BFC5-E27E2FF23373}.Debug|x86.ActiveCfg = Debug|Any CPU
		{7F132C16-9338-4825-BFC5-E27E2FF23373}.Debug|x86.Build.0 = Debug|Any CPU
		{7F132C16-9338-4825-BFC5-E27E2FF23373}.Release|Any CPU.ActiveCfg = Release|Any CPU
		{7F132C16-9338-4825-BFC5-E27E2FF23373}.Release|Any CPU.Build.0 = Release|Any CPU
		{7F132C16-9338-4825-BFC5-E27E2FF23373}.Release|x64.ActiveCfg = Release|Any CPU
		{7F132C16-9338-4825-BFC5-E27E2FF23373}.Release|x64.Build.0 = Release|Any CPU
		{7F132C16-9338-4825-BFC5-E27E2FF23373}.Release|x86.ActiveCfg = Release|Any CPU
		{7F132C16-9338-4825-BFC5-E27E2FF23373}.Release|x86.Build.0 = Release|Any CPU
		{E6BD6E2B-58C8-411D-AC88-F91DBA2A02E3}.Debug|Any CPU.ActiveCfg = Debug|Any CPU
		{E6BD6E2B-58C8-411D-AC88-F91DBA2A02E3}.Debug|Any CPU.Build.0 = Debug|Any CPU
		{E6BD6E2B-58C8-411D-AC88-F91DBA2A02E3}.Debug|x64.ActiveCfg = Debug|Any CPU
		{E6BD6E2B-58C8-411D-AC88-F91DBA2A02E3}.Debug|x64.Build.0 = Debug|Any CPU
		{E6BD6E2B-58C8-411D-AC88-F91DBA2A02E3}.Debug|x86.ActiveCfg = Debug|Any CPU
		{E6BD6E2B-58C8-411D-AC88-F91DBA2A02E3}.Debug|x86.Build.0 = Debug|Any CPU
		{E6BD6E2B-58C8-411D-AC88-F91DBA2A02E3}.Release|Any CPU.ActiveCfg = Release|Any CPU
		{E6BD6E2B-58C8-411D-AC88-F91DBA2A02E3}.Release|Any CPU.Build.0 = Release|Any CPU
		{E6BD6E2B-58C8-411D-AC88-F91DBA2A02E3}.Release|x64.ActiveCfg = Release|Any CPU
		{E6BD6E2B-58C8-411D-AC88-F91DBA2A02E3}.Release|x64.Build.0 = Release|Any CPU
		{E6BD6E2B-58C8-411D-AC88-F91DBA2A02E3}.Release|x86.ActiveCfg = Release|Any CPU
		{E6BD6E2B-58C8-411D-AC88-F91DBA2A02E3}.Release|x86.Build.0 = Release|Any CPU
		{B34E8EE3-8A5D-4AB9-8ACF-743DDA1613F8}.Debug|Any CPU.ActiveCfg = Debug|Any CPU
		{B34E8EE3-8A5D-4AB9-8ACF-743DDA1613F8}.Debug|Any CPU.Build.0 = Debug|Any CPU
		{B34E8EE3-8A5D-4AB9-8ACF-743DDA1613F8}.Debug|x64.ActiveCfg = Debug|Any CPU
		{B34E8EE3-8A5D-4AB9-8ACF-743DDA1613F8}.Debug|x64.Build.0 = Debug|Any CPU
		{B34E8EE3-8A5D-4AB9-8ACF-743DDA1613F8}.Debug|x86.ActiveCfg = Debug|Any CPU
		{B34E8EE3-8A5D-4AB9-8ACF-743DDA1613F8}.Debug|x86.Build.0 = Debug|Any CPU
		{B34E8EE3-8A5D-4AB9-8ACF-743DDA1613F8}.Release|Any CPU.ActiveCfg = Release|Any CPU
		{B34E8EE3-8A5D-4AB9-8ACF-743DDA1613F8}.Release|Any CPU.Build.0 = Release|Any CPU
		{B34E8EE3-8A5D-4AB9-8ACF-743DDA1613F8}.Release|x64.ActiveCfg = Release|Any CPU
		{B34E8EE3-8A5D-4AB9-8ACF-743DDA1613F8}.Release|x64.Build.0 = Release|Any CPU
		{B34E8EE3-8A5D-4AB9-8ACF-743DDA1613F8}.Release|x86.ActiveCfg = Release|Any CPU
		{B34E8EE3-8A5D-4AB9-8ACF-743DDA1613F8}.Release|x86.Build.0 = Release|Any CPU
	EndGlobalSection
	GlobalSection(SolutionProperties) = preSolution
		HideSolutionNode = FALSE
	EndGlobalSection
	GlobalSection(NestedProjects) = preSolution
		{2BE477C2-AF36-4400-BFAD-801F5B0624A5} = {827E0CD3-B72D-47B6-A68D-7590B98EB39B}
		{A6B0C9D0-806A-49EB-A476-7C6E4D291182} = {827E0CD3-B72D-47B6-A68D-7590B98EB39B}
		{EE40FF95-7A60-482C-B232-C31B8C3C59E8} = {827E0CD3-B72D-47B6-A68D-7590B98EB39B}
		{ECC48347-23EE-46E5-9390-44E48F816886} = {827E0CD3-B72D-47B6-A68D-7590B98EB39B}
		{7F132C16-9338-4825-BFC5-E27E2FF23373} = {827E0CD3-B72D-47B6-A68D-7590B98EB39B}
		{E6BD6E2B-58C8-411D-AC88-F91DBA2A02E3} = {827E0CD3-B72D-47B6-A68D-7590B98EB39B}
		{B34E8EE3-8A5D-4AB9-8ACF-743DDA1613F8} = {827E0CD3-B72D-47B6-A68D-7590B98EB39B}
	EndGlobalSection
EndGlobal
